[root]
name = "kernel"
version = "0.1.0"
dependencies = [
 "atomic_ring_buffer 1.0.0 (registry+https://github.com/rust-lang/crates.io-index)",
 "frame_allocator 0.1.0",
 "gnu_efi 0.1.0",
 "lazy_static 0.2.4 (registry+https://github.com/rust-lang/crates.io-index)",
 "mem 0.1.0",
 "page_table 0.1.0",
 "rlibc 1.0.0 (registry+https://github.com/rust-lang/crates.io-index)",
 "serial 0.1.0",
 "spin 0.4.5 (registry+https://github.com/rust-lang/crates.io-index)",
 "x86 0.8.1 (registry+https://github.com/rust-lang/crates.io-index)",
 "x86_64 0.1.2 (registry+https://github.com/rust-lang/crates.io-index)",
]

[[package]]
name = "atomic_ring_buffer"
version = "1.0.0"
source = "registry+https://github.com/rust-lang/crates.io-index"

[[package]]
name = "bit_field"
version = "0.7.0"
source = "registry+https://github.com/rust-lang/crates.io-index"

[[package]]
name = "bitflags"
version = "0.7.0"
source = "registry+https://github.com/rust-lang/crates.io-index"

[[package]]
name = "frame_allocator"
version = "0.1.0"
dependencies = [
 "mem 0.1.0",
]

[[package]]
name = "gnu_efi"
version = "0.1.0"
dependencies = [
 "mem 0.1.0",
]

[[package]]
name = "lazy_static"
version = "0.2.4"
source = "registry+https://github.com/rust-lang/crates.io-index"
dependencies = [
 "spin 0.4.5 (registry+https://github.com/rust-lang/crates.io-index)",
]

[[package]]
name = "mem"
version = "0.1.0"

[[package]]
name = "page_table"
version = "0.1.0"
dependencies = [
 "frame_allocator 0.1.0",
 "mem 0.1.0",
 "rlibc 1.0.0 (registry+https://github.com/rust-lang/crates.io-index)",
 "x86 0.8.1 (registry+https://github.com/rust-lang/crates.io-index)",
]

[[package]]
name = "raw-cpuid"
version = "2.0.1"
source = "registry+https://github.com/rust-lang/crates.io-index"

[[package]]
name = "rlibc"
version = "1.0.0"
source = "registry+https://github.com/rust-lang/crates.io-index"

[[package]]
name = "serial"
version = "0.1.0"
dependencies = [
 "spin 0.4.5 (registry+https://github.com/rust-lang/crates.io-index)",
 "x86 0.7.2 (registry+https://github.com/rust-lang/crates.io-index)",
]

[[package]]
name = "spin"
version = "0.4.5"
source = "registry+https://github.com/rust-lang/crates.io-index"

[[package]]
name = "x86"
version = "0.7.2"
source = "registry+https://github.com/rust-lang/crates.io-index"
dependencies = [
 "raw-cpuid 2.0.1 (registry+https://github.com/rust-lang/crates.io-index)",
]

[[package]]
name = "x86"
version = "0.8.1"
source = "registry+https://github.com/rust-lang/crates.io-index"
dependencies = [
 "bitflags 0.7.0 (registry+https://github.com/rust-lang/crates.io-index)",
 "raw-cpuid 2.0.1 (registry+https://github.com/rust-lang/crates.io-index)",
]

[[package]]
name = "x86_64"
version = "0.1.2"
source = "registry+https://github.com/rust-lang/crates.io-index"
dependencies = [
 "bit_field 0.7.0 (registry+https://github.com/rust-lang/crates.io-index)",
]

[metadata]
"checksum atomic_ring_buffer 1.0.0 (registry+https://github.com/rust-lang/crates.io-index)" = "952bf35fca60cbc2dd18c9c76c30badf375dabf90907f5ef392b8d1d20b17deb"
"checksum bit_field 0.7.0 (registry+https://github.com/rust-lang/crates.io-index)" = "ff91a64014e1bc53bf643920f2c9ab5f0980d92a0948295f3ee550e9266849ad"
"checksum bitflags 0.7.0 (registry+https://github.com/rust-lang/crates.io-index)" = "aad18937a628ec6abcd26d1489012cc0e18c21798210f491af69ded9b881106d"
"checksum lazy_static 0.2.4 (registry+https://github.com/rust-lang/crates.io-index)" = "7291b1dd97d331f752620b02dfdbc231df7fc01bf282a00769e1cdb963c460dc"
"checksum raw-cpuid 2.0.1 (registry+https://github.com/rust-lang/crates.io-index)" = "7bc8e963398e6244e1d51c42dd68394f273d39ed8afc9238b74f56041b23dbd3"
"checksum rlibc 1.0.0 (registry+https://github.com/rust-lang/crates.io-index)" = "fc874b127765f014d792f16763a81245ab80500e2ad921ed4ee9e82481ee08fe"
"checksum spin 0.4.5 (registry+https://github.com/rust-lang/crates.io-index)" = "1d16a26e2b789f86aabddbe91cb82ee2e822beb8a59840d631941b625ef77e53"
"checksum x86 0.7.2 (registry+https://github.com/rust-lang/crates.io-index)" = "127728f29f7cfb243a9264c80fc7e57bd1abb3ab015850b05736efda2abe5859"
"checksum x86 0.8.1 (registry+https://github.com/rust-lang/crates.io-index)" = "ada1976e1004a0b5999beb7403541af96637e8f439b97d86c8c9abef2e0e7d19"
"checksum x86_64 0.1.2 (registry+https://github.com/rust-lang/crates.io-index)" = "73464a8ba159d4fdbfdbea0911c9d06887a4dbbb0f0521742c545f3e11bc8ea4"
